
Microsoft Visual Studio Solution File, Format Version 12.00
# Visual Studio Version 16
VisualStudioVersion = 16.0.31424.327
MinimumVisualStudioVersion = 10.0.40219.1
Project("{FAE04EC0-301F-11D3-BF4B-00C04F79EFBC}") = "TestTarget", "TestTarget.csproj", "{258ACF68-1797-4A62-8BEF-CCD0CF9B450A}"
EndProject
Global
	GlobalSection(SolutionConfigurationPlatforms) = preSolution
		Debug|Any CPU = Debug|Any CPU
		Release|Any CPU = Release|Any CPU
	EndGlobalSection
	GlobalSection(ProjectConfigurationPlatforms) = postSolution
		{258ACF68-1797-4A62-8BEF-CCD0CF9B450A}.Debug|Any CPU.ActiveCfg = Debug|Any CPU
		{258ACF68-1797-4A62-8BEF-CCD0CF9B450A}.Debug|Any CPU.Build.0 = Debug|Any CPU
		{258ACF68-1797-4A62-8BEF-CCD0CF9B450A}.Release|Any CPU.ActiveCfg = Release|Any CPU
		{258ACF68-1797-4A62-8BEF-CCD0CF9B450A}.Release|Any CPU.Build.0 = Release|Any CPU
	EndGlobalSection
	GlobalSection(SolutionProperties) = preSolution
		HideSolutionNode = FALSE
	EndGlobalSection
	GlobalSection(ExtensibilityGlobals) = postSolution
		SolutionGuid = {DBC8A6CD-5418-40C1-B1DC-806BE7B69D64}
	EndGlobalSection
EndGlobal
